
Microsoft Visual Studio Solution File, Format Version 12.00
# Visual Studio 14
VisualStudioVersion = 14.0.25420.1
MinimumVisualStudioVersion = 10.0.40219.1
Project("{FAE04EC0-301F-11D3-BF4B-00C04F79EFBC}") = "ApiTest", "ApiTest\ApiTest.csproj", "{14219459-97AE-4437-9E49-3FEB9692BBD7}"
EndProject
Project("{FAE04EC0-301F-11D3-BF4B-00C04F79EFBC}") = "DTOS", "DTOS\DTOS.csproj", "{2C186D44-B51C-4A42-8E2A-04D27E404B0C}"
EndProject
Global
	GlobalSection(SolutionConfigurationPlatforms) = preSolution
		Debug|Any CPU = Debug|Any CPU
		Release|Any CPU = Release|Any CPU
	EndGlobalSection
	GlobalSection(ProjectConfigurationPlatforms) = postSolution
		{14219459-97AE-4437-9E49-3FEB9692BBD7}.Debug|Any CPU.ActiveCfg = Debug|Any CPU
		{14219459-97AE-4437-9E49-3FEB9692BBD7}.Debug|Any CPU.Build.0 = Debug|Any CPU
		{14219459-97AE-4437-9E49-3FEB9692BBD7}.Release|Any CPU.ActiveCfg = Release|Any CPU
		{14219459-97AE-4437-9E49-3FEB9692BBD7}.Release|Any CPU.Build.0 = Release|Any CPU
		{2C186D44-B51C-4A42-8E2A-04D27E404B0C}.Debug|Any CPU.ActiveCfg = Debug|Any CPU
		{2C186D44-B51C-4A42-8E2A-04D27E404B0C}.Debug|Any CPU.Build.0 = Debug|Any CPU
		{2C186D44-B51C-4A42-8E2A-04D27E404B0C}.Release|Any CPU.ActiveCfg = Release|Any CPU
		{2C186D44-B51C-4A42-8E2A-04D27E404B0C}.Release|Any CPU.Build.0 = Release|Any CPU
	EndGlobalSection
	GlobalSection(SolutionProperties) = preSolution
		HideSolutionNode = FALSE
	EndGlobalSection
EndGlobal
